
Microsoft Visual Studio Solution File, Format Version 12.00
# Visual Studio 14
VisualStudioVersion = 14.0.25420.1
MinimumVisualStudioVersion = 10.0.40219.1
Project("{FAE04EC0-301F-11D3-BF4B-00C04F79EFBC}") = "TiToCRM.UI", "TiToCRM.UI\TiToCRM.UI.csproj", "{C159CCF7-41A9-4A81-8F1C-5CACEC7DB9E2}"
EndProject
Project("{FAE04EC0-301F-11D3-BF4B-00C04F79EFBC}") = "TiToCRM.Model", "TiToCRM.Model\TiToCRM.Model.csproj", "{05D9D496-9BDF-497B-B800-BD8B4F784D18}"
EndProject
Project("{FAE04EC0-301F-11D3-BF4B-00C04F79EFBC}") = "TiToCRM.DataAccess", "TiToCRM.DataAccess\TiToCRM.DataAccess.csproj", "{481C6F44-3767-4F46-BA58-6963DA63B423}"
EndProject
Global
	GlobalSection(SolutionConfigurationPlatforms) = preSolution
		Debug|Any CPU = Debug|Any CPU
		Release|Any CPU = Release|Any CPU
	EndGlobalSection
	GlobalSection(ProjectConfigurationPlatforms) = postSolution
		{C159CCF7-41A9-4A81-8F1C-5CACEC7DB9E2}.Debug|Any CPU.ActiveCfg = Debug|Any CPU
		{C159CCF7-41A9-4A81-8F1C-5CACEC7DB9E2}.Debug|Any CPU.Build.0 = Debug|Any CPU
		{C159CCF7-41A9-4A81-8F1C-5CACEC7DB9E2}.Release|Any CPU.ActiveCfg = Release|Any CPU
		{C159CCF7-41A9-4A81-8F1C-5CACEC7DB9E2}.Release|Any CPU.Build.0 = Release|Any CPU
		{05D9D496-9BDF-497B-B800-BD8B4F784D18}.Debug|Any CPU.ActiveCfg = Debug|Any CPU
		{05D9D496-9BDF-497B-B800-BD8B4F784D18}.Debug|Any CPU.Build.0 = Debug|Any CPU
		{05D9D496-9BDF-497B-B800-BD8B4F784D18}.Release|Any CPU.ActiveCfg = Release|Any CPU
		{05D9D496-9BDF-497B-B800-BD8B4F784D18}.Release|Any CPU.Build.0 = Release|Any CPU
		{481C6F44-3767-4F46-BA58-6963DA63B423}.Debug|Any CPU.ActiveCfg = Debug|Any CPU
		{481C6F44-3767-4F46-BA58-6963DA63B423}.Debug|Any CPU.Build.0 = Debug|Any CPU
		{481C6F44-3767-4F46-BA58-6963DA63B423}.Release|Any CPU.ActiveCfg = Release|Any CPU
		{481C6F44-3767-4F46-BA58-6963DA63B423}.Release|Any CPU.Build.0 = Release|Any CPU
	EndGlobalSection
	GlobalSection(SolutionProperties) = preSolution
		HideSolutionNode = FALSE
	EndGlobalSection
EndGlobal
